// !$*UTF8*$!
{
	archiveVersion = 1;
	classes = {
	};
	objectVersion = 46;
	objects = {
		69F95D3FEED9A47983F9EDAA = {
			isa = PBXBuildFile;
			fileRef = 05921A10523EDD4FE2726E6B;
		};
		0127A696045728F44A564F98 = {
			isa = PBXBuildFile;
			fileRef = E6FBB6F859AEDE43876D2A6C;
		};
		A17D78D7702397271C652377 = {
			isa = PBXBuildFile;
			fileRef = E6C225FA8B255FEF4B4F3EEC;
		};
		5968221BED2538A38E4B3684 = {
			isa = PBXBuildFile;
			fileRef = 19CD3957F64CC18697FB0E43;
		};
		43B0D166FAC43EA7E6268F54 = {
			isa = PBXBuildFile;
			fileRef = 4AD9F5525023129EA4DCE3EE;
		};
		4D6C97F765C898A08D6BB116 = {
			isa = PBXBuildFile;
			fileRef = EA2568D9CBABA3D9195A0E17;
		};
		50A33164A95019A22EA30A1B = {
			isa = PBXBuildFile;
			fileRef = EF88B4B37F808C68FCF2AA64;
		};
		1268C9BBC9F2CD3EE22E8249 = {
			isa = PBXBuildFile;
			fileRef = EE9EDFB693C251537EEC4775;
		};
		55ACC3874636D910D4B3F02A = {
			isa = PBXBuildFile;
			fileRef = C8FEC7F3AEF96739CC6CE6C8;
		};
		AC75C2F022EED33CE354D883 = {
			isa = PBXBuildFile;
			fileRef = 849AF6CB358055D41E871659;
		};
		2BC48F9CBA13BC98525D453A = {
			isa = PBXBuildFile;
			fileRef = 09BF542A98E2FAAA4AB1730D;
		};
		7C5C2762F8093FDF797303F1 = {
			isa = PBXBuildFile;
			fileRef = B3C094B0DFF2578FCE94078B;
		};
		CA0AEF27AE86E1C9CC86295A = {
			isa = PBXBuildFile;
			fileRef = F9600907D8EA44B776A919BE;
		};
		0A0AADD5CE57D18637297A92 = {
			isa = PBXBuildFile;
			fileRef = FA24F1C829E0DA588CC54578;
		};
		61AFF45F3F2C6761496997B2 = {
			isa = PBXBuildFile;
			fileRef = D7CC3D4688B9AE8786AFDCC6;
		};
		F135EB5E3D04DFF79F212107 = {
			isa = PBXBuildFile;
			fileRef = C9D45D1401F8C638B1796F8B;
		};
		BD6407CFE5D69162F932C75F = {
			isa = PBXBuildFile;
			fileRef = 4D4A25F07F110CDCE6844E3C;
		};
		A5AC6F47DFD96F6FB75C4CE1 = {
			isa = PBXBuildFile;
			fileRef = C45423A871A13E82A5F64404;
		};
		4F6967DDA8D79C7CD89E3943 = {
			isa = PBXBuildFile;
			fileRef = 28A709E56D284EFA05A17151;
		};
		00662740FCDD226CD4370CF3 = {
			isa = PBXBuildFile;
			fileRef = 1C604054774C901E3D442CB3;
		};
		7C023C7125AFF57ECB21E82C = {
			isa = PBXBuildFile;
			fileRef = AD8A532A33EC0BBFBC5D0DDB;
		};
		FE6ED84645D7371932210B69 = {
			isa = PBXBuildFile;
			fileRef = D10C52BEF7237C1D94CB0DCC;
		};
		17E41C39C42E7D38FDA956CD = {
			isa = PBXBuildFile;
			fileRef = A1765E7A3B6CFC85AFAF06FA;
		};
		7EF92B7B80C75BC3EF4D857F = {
			isa = PBXBuildFile;
			fileRef = 683CCEC0D4FD3FDC3D5AC085;
		};
		327F551059325EB9E8361B78 = {
			isa = PBXBuildFile;
			fileRef = 6BE84EB7C09AB524659F74CA;
		};
		0E7B872BC00FE881275BC12A = {
			isa = PBXBuildFile;
			fileRef = BD5A22CF51D182F385BF5CD5;
		};
		A71B82DDA66EF4392E93379B = {
			isa = PBXBuildFile;
			fileRef = 110566F28FCEF18A887E0C70;
		};
		9E0453021B57DBA9CCCD003B = {
			isa = PBXBuildFile;
			fileRef = 7B5B40FB879E3D95A3D7F7E2;
		};
		239976096444A20112AF23AC = {
			isa = PBXBuildFile;
			fileRef = 6B735556C64FB0EBB17CA40E;
		};
		B9F3A65230FCAD9F2BA60B01 = {
			isa = PBXBuildFile;
			fileRef = AB75BC7C7288C052EE87D754;
		};
		8E19AAF25ECC831AEF3D55D5 = {
			isa = PBXBuildFile;
			fileRef = FB94B0D87306CBAA2498DAE1;
		};
		E4E6F7B5FD7A23C59BC4C4F2 = {
			isa = PBXBuildFile;
			fileRef = B58B61E9DC7057675A7EF2FB;
		};
		6694D9FFBEAD536078DC63C1 = {
			isa = PBXBuildFile;
			fileRef = F6C676843C824446C8993C83;
		};
		05921A10523EDD4FE2726E6B = {
			isa = PBXFileReference;
			explicitFileType = wrapper.application;
			includeInIndex = 0;
			path = LinJam.app;
			sourceTree = "BUILT_PRODUCTS_DIR";
		};
		09BF542A98E2FAAA4AB1730D = {
			isa = PBXFileReference;
			lastKnownFileType = sourcecode.cpp.cpp;
			name = Chat.cpp;
			path = ../../Source/Chat.cpp;
			sourceTree = "SOURCE_ROOT";
		};
		110566F28FCEF18A887E0C70 = {
			isa = PBXFileReference;
			lastKnownFileType = sourcecode.cpp.cpp;
			name = StatusBar.cpp;
			path = ../../Source/StatusBar.cpp;
			sourceTree = "SOURCE_ROOT";
		};
		19CD3957F64CC18697FB0E43 = {
			isa = PBXFileReference;
			lastKnownFileType = wrapper.framework;
			name = IOKit.framework;
			path = System/Library/Frameworks/IOKit.framework;
			sourceTree = SDKROOT;
		};
		1C604054774C901E3D442CB3 = {
			isa = PBXFileReference;
			lastKnownFileType = sourcecode.cpp.cpp;
			name = LinJam.cpp;
			path = ../../Source/LinJam.cpp;
			sourceTree = "SOURCE_ROOT";
		};
		1D1DC95651BE5346DB60807D = {
			isa = PBXFileReference;
			lastKnownFileType = sourcecode.c.h;
			name = LinJam.h;
			path = ../../Source/LinJam.h;
			sourceTree = "SOURCE_ROOT";
		};
		1D5E961744D0122541812357 = {
			isa = PBXFileReference;
			lastKnownFileType = file;
			name = "juce_data_structures";
			path = "../../JuceLibraryCode/modules/juce_data_structures";
			sourceTree = "SOURCE_ROOT";
		};
		28A709E56D284EFA05A17151 = {
			isa = PBXFileReference;
			lastKnownFileType = sourcecode.cpp.cpp;
			name = License.cpp;
			path = ../../Source/License.cpp;
			sourceTree = "SOURCE_ROOT";
		};
		2E421A9DFBC9CB806D511160 = {
			isa = PBXFileReference;
			lastKnownFileType = sourcecode.c.h;
			name = Login.h;
			path = ../../Source/Login.h;
			sourceTree = "SOURCE_ROOT";
		};
		349D3029D32AF2C85D94AEC1 = {
			isa = PBXFileReference;
			lastKnownFileType = sourcecode.c.h;
			name = Constants.h;
			path = ../../Source/Constants.h;
			sourceTree = "SOURCE_ROOT";
		};
		43DF9F97566160B7F983DBDE = {
			isa = PBXFileReference;
			lastKnownFileType = sourcecode.c.h;
			name = JuceHeader.h;
			path = ../../JuceLibraryCode/JuceHeader.h;
			sourceTree = "SOURCE_ROOT";
		};
		441DAEA45FA0CEAF8D23327A = {
			isa = PBXFileReference;
			lastKnownFileType = file;
			name = "juce_gui_basics";
			path = "../../JuceLibraryCode/modules/juce_gui_basics";
			sourceTree = "SOURCE_ROOT";
		};
		447206269A10278F5C1F4B73 = {
			isa = PBXFileReference;
			lastKnownFileType = sourcecode.c.h;
			name = Channels.h;
			path = ../../Source/Channels.h;
			sourceTree = "SOURCE_ROOT";
		};
		4AD9F5525023129EA4DCE3EE = {
			isa = PBXFileReference;
			lastKnownFileType = wrapper.framework;
			name = QuartzCore.framework;
			path = System/Library/Frameworks/QuartzCore.framework;
			sourceTree = SDKROOT;
		};
		4D4A25F07F110CDCE6844E3C = {
			isa = PBXFileReference;
			lastKnownFileType = sourcecode.cpp.cpp;
			name = ConfigGui.cpp;
			path = ../../Source/ConfigGui.cpp;
			sourceTree = "SOURCE_ROOT";
		};
		4E491CB2AA3AA53EF0D592C0 = {
			isa = PBXFileReference;
			lastKnownFileType = sourcecode.c.h;
			name = Chat.h;
			path = ../../Source/Chat.h;
			sourceTree = "SOURCE_ROOT";
		};
		4FA9175B35549AB492AC537F = {
			isa = PBXFileReference;
			lastKnownFileType = sourcecode.c.h;
			name = ConfigChannel.h;
			path = ../../Source/ConfigChannel.h;
			sourceTree = "SOURCE_ROOT";
		};
		64F38D10C6C61F20E1D36F93 = {
			isa = PBXFileReference;
			lastKnownFileType = sourcecode.c.h;
			name = Background.h;
			path = ../../Source/Background.h;
			sourceTree = "SOURCE_ROOT";
		};
		66F103B6141C1BA8D556EAAB = {
			isa = PBXFileReference;
			lastKnownFileType = sourcecode.c.h;
			name = ConfigClient.h;
			path = ../../Source/ConfigClient.h;
			sourceTree = "SOURCE_ROOT";
		};
		683CCEC0D4FD3FDC3D5AC085 = {
			isa = PBXFileReference;
			lastKnownFileType = sourcecode.cpp.cpp;
			name = Main.cpp;
			path = ../../Source/Main.cpp;
			sourceTree = "SOURCE_ROOT";
		};
		6B735556C64FB0EBB17CA40E = {
			isa = PBXFileReference;
			lastKnownFileType = sourcecode.cpp.objcpp;
			name = "include_juce_core.mm";
			path = "../../JuceLibraryCode/include_juce_core.mm";
			sourceTree = "SOURCE_ROOT";
		};
		6BE84EB7C09AB524659F74CA = {
			isa = PBXFileReference;
			lastKnownFileType = sourcecode.cpp.cpp;
			name = MainContent.cpp;
			path = ../../Source/MainContent.cpp;
			sourceTree = "SOURCE_ROOT";
		};
		6DB6EAC9F4689F4C5490B0B7 = {
			isa = PBXFileReference;
			lastKnownFileType = sourcecode.c.h;
			name = Config.h;
			path = ../../Source/Config.h;
			sourceTree = "SOURCE_ROOT";
		};
		6EBDB6F4379913DF78D5D14A = {
			isa = PBXFileReference;
			lastKnownFileType = file;
			name = "juce_graphics";
			path = "../../JuceLibraryCode/modules/juce_graphics";
			sourceTree = "SOURCE_ROOT";
		};
		71B24CD59AA197DC86E5AFCE = {
			isa = PBXFileReference;
			lastKnownFileType = sourcecode.c.h;
			name = StatusBar.h;
			path = ../../Source/StatusBar.h;
			sourceTree = "SOURCE_ROOT";
		};
		7B5B40FB879E3D95A3D7F7E2 = {
			isa = PBXFileReference;
			lastKnownFileType = sourcecode.cpp.cpp;
			name = Trace.cpp;
			path = ../../Source/Trace/Trace.cpp;
			sourceTree = "SOURCE_ROOT";
		};
		7DCBB59F513ED57B0F31BAFD = {
			isa = PBXFileReference;
			lastKnownFileType = sourcecode.c.h;
			name = Mixer.h;
			path = ../../Source/Mixer.h;
			sourceTree = "SOURCE_ROOT";
		};
		8236E0641AEF3079691240F8 = {
			isa = PBXFileReference;
			lastKnownFileType = sourcecode.c.h;
			name = ConfigAudio.h;
			path = ../../Source/ConfigAudio.h;
			sourceTree = "SOURCE_ROOT";
		};
		8468336AC7F5F87C9E43028B = {
			isa = PBXFileReference;
			lastKnownFileType = sourcecode.c.h;
			name = TraceLinJamConfig.h;
			path = ../../Source/Trace/TraceLinJamConfig.h;
			sourceTree = "SOURCE_ROOT";
		};
		849AF6CB358055D41E871659 = {
			isa = PBXFileReference;
			lastKnownFileType = sourcecode.cpp.cpp;
			name = Channels.cpp;
			path = ../../Source/Channels.cpp;
			sourceTree = "SOURCE_ROOT";
		};
		8859288AF8C1198ADA547833 = {
			isa = PBXFileReference;
			lastKnownFileType = file;
			name = "juce_core";
			path = "../../JuceLibraryCode/modules/juce_core";
			sourceTree = "SOURCE_ROOT";
		};
		8B93563D366B21D93C7EA1FA = {
			isa = PBXFileReference;
			lastKnownFileType = text.plist.xml;
			name = "Info-App.plist";
			path = "Info-App.plist";
			sourceTree = "SOURCE_ROOT";
		};
		8E550FFB3762AED1757EFFD4 = {
			isa = PBXFileReference;
			lastKnownFileType = sourcecode.c.h;
			name = Loop.h;
			path = ../../Source/Loop.h;
			sourceTree = "SOURCE_ROOT";
		};
		8FAC24209C22FB30596A16FE = {
			isa = PBXFileReference;
			lastKnownFileType = sourcecode.c.h;
			name = AppConfig.h;
			path = ../../JuceLibraryCode/AppConfig.h;
			sourceTree = "SOURCE_ROOT";
		};
		9BE9C5BF182C58DCF99537B5 = {
			isa = PBXFileReference;
			lastKnownFileType = sourcecode.c.h;
			name = Channel.h;
			path = ../../Source/Channel.h;
			sourceTree = "SOURCE_ROOT";
		};
		9C300CC9D1D85841AB731C16 = {
			isa = PBXFileReference;
			lastKnownFileType = sourcecode.c.h;
			name = MainContent.h;
			path = ../../Source/MainContent.h;
			sourceTree = "SOURCE_ROOT";
		};
		9E378A774EA7D2EC852DF2D0 = {
			isa = PBXFileReference;
			lastKnownFileType = sourcecode.c.h;
			name = TraceChannels.h;
			path = ../../Source/Trace/TraceChannels.h;
			sourceTree = "SOURCE_ROOT";
		};
		A1765E7A3B6CFC85AFAF06FA = {
			isa = PBXFileReference;
			lastKnownFileType = sourcecode.cpp.cpp;
			name = Loop.cpp;
			path = ../../Source/Loop.cpp;
			sourceTree = "SOURCE_ROOT";
		};
		A8D689C9B5C3F184317980D8 = {
			isa = PBXFileReference;
			lastKnownFileType = sourcecode.c.h;
			name = TraceMixer.h;
			path = ../../Source/Trace/TraceMixer.h;
			sourceTree = "SOURCE_ROOT";
		};
		AAA3464E849C077DA04F6194 = {
			isa = PBXFileReference;
			lastKnownFileType = sourcecode.c.h;
			name = Blacklist.h;
			path = ../../Source/Blacklist.h;
			sourceTree = "SOURCE_ROOT";
		};
		AB75BC7C7288C052EE87D754 = {
			isa = PBXFileReference;
			lastKnownFileType = sourcecode.cpp.objcpp;
			name = "include_juce_data_structures.mm";
			path = "../../JuceLibraryCode/include_juce_data_structures.mm";
			sourceTree = "SOURCE_ROOT";
		};
		AD8A532A33EC0BBFBC5D0DDB = {
			isa = PBXFileReference;
			lastKnownFileType = sourcecode.cpp.cpp;
			name = LinJamConfig.cpp;
			path = ../../Source/LinJamConfig.cpp;
			sourceTree = "SOURCE_ROOT";
		};
		B1F44CE1892622F3E8CAE985 = {
			isa = PBXFileReference;
			lastKnownFileType = sourcecode.c.h;
			name = TraceLogin.h;
			path = ../../Source/Trace/TraceLogin.h;
			sourceTree = "SOURCE_ROOT";
		};
		B3C094B0DFF2578FCE94078B = {
			isa = PBXFileReference;
			lastKnownFileType = sourcecode.cpp.cpp;
			name = Config.cpp;
			path = ../../Source/Config.cpp;
			sourceTree = "SOURCE_ROOT";
		};
		B58B61E9DC7057675A7EF2FB = {
			isa = PBXFileReference;
			lastKnownFileType = sourcecode.cpp.objcpp;
			name = "include_juce_graphics.mm";
			path = "../../JuceLibraryCode/include_juce_graphics.mm";
			sourceTree = "SOURCE_ROOT";
		};
		BD5A22CF51D182F385BF5CD5 = {
			isa = PBXFileReference;
			lastKnownFileType = sourcecode.cpp.cpp;
			name = Mixer.cpp;
			path = ../../Source/Mixer.cpp;
			sourceTree = "SOURCE_ROOT";
		};
		C25A35DBC631312A672AC4DD = {
			isa = PBXFileReference;
			lastKnownFileType = sourcecode.c.h;
			name = LinJamConfig.h;
			path = ../../Source/LinJamConfig.h;
			sourceTree = "SOURCE_ROOT";
		};
		C45423A871A13E82A5F64404 = {
			isa = PBXFileReference;
			lastKnownFileType = sourcecode.cpp.cpp;
			name = Constants.cpp;
			path = ../../Source/Constants.cpp;
			sourceTree = "SOURCE_ROOT";
		};
		C8FEC7F3AEF96739CC6CE6C8 = {
			isa = PBXFileReference;
			lastKnownFileType = sourcecode.cpp.cpp;
			name = Channel.cpp;
			path = ../../Source/Channel.cpp;
			sourceTree = "SOURCE_ROOT";
		};
		C9D45D1401F8C638B1796F8B = {
			isa = PBXFileReference;
			lastKnownFileType = sourcecode.cpp.cpp;
			name = ConfigClient.cpp;
			path = ../../Source/ConfigClient.cpp;
			sourceTree = "SOURCE_ROOT";
		};
		D10C52BEF7237C1D94CB0DCC = {
			isa = PBXFileReference;
			lastKnownFileType = sourcecode.cpp.cpp;
			name = Login.cpp;
			path = ../../Source/Login.cpp;
			sourceTree = "SOURCE_ROOT";
		};
		D2B8B8DF77A5D095124B94B4 = {
			isa = PBXFileReference;
			lastKnownFileType = sourcecode.c.h;
			name = TraceLinJam.h;
			path = ../../Source/Trace/TraceLinJam.h;
			sourceTree = "SOURCE_ROOT";
		};
		D39DC5D21996EFCE2D873966 = {
			isa = PBXFileReference;
			lastKnownFileType = sourcecode.c.h;
			name = Trace.h;
			path = ../../Source/Trace/Trace.h;
			sourceTree = "SOURCE_ROOT";
		};
		D7CC3D4688B9AE8786AFDCC6 = {
			isa = PBXFileReference;
			lastKnownFileType = sourcecode.cpp.cpp;
			name = ConfigChannel.cpp;
			path = ../../Source/ConfigChannel.cpp;
			sourceTree = "SOURCE_ROOT";
		};
		E6C225FA8B255FEF4B4F3EEC = {
			isa = PBXFileReference;
			lastKnownFileType = wrapper.framework;
			name = Cocoa.framework;
			path = System/Library/Frameworks/Cocoa.framework;
			sourceTree = SDKROOT;
		};
		E6FBB6F859AEDE43876D2A6C = {
			isa = PBXFileReference;
			lastKnownFileType = wrapper.framework;
			name = Carbon.framework;
			path = System/Library/Frameworks/Carbon.framework;
			sourceTree = SDKROOT;
		};
		E98E163766944A27AAD09E45 = {
			isa = PBXFileReference;
			lastKnownFileType = sourcecode.c.h;
			name = ConfigGui.h;
			path = ../../Source/ConfigGui.h;
			sourceTree = "SOURCE_ROOT";
		};
		EA2568D9CBABA3D9195A0E17 = {
			isa = PBXFileReference;
			lastKnownFileType = file.nib;
			name = RecentFilesMenuTemplate.nib;
			path = RecentFilesMenuTemplate.nib;
			sourceTree = "SOURCE_ROOT";
		};
		EBA6CCACB512644FDFF28B38 = {
			isa = PBXFileReference;
			lastKnownFileType = sourcecode.c.h;
			name = TraceConfig.h;
			path = ../../Source/Trace/TraceConfig.h;
			sourceTree = "SOURCE_ROOT";
		};
		ECA73CAE7E09CD17BB75EE13 = {
			isa = PBXFileReference;
			lastKnownFileType = file;
			name = "juce_events";
			path = "../../JuceLibraryCode/modules/juce_events";
			sourceTree = "SOURCE_ROOT";
		};
		EE9EDFB693C251537EEC4775 = {
			isa = PBXFileReference;
			lastKnownFileType = sourcecode.cpp.cpp;
			name = Blacklist.cpp;
			path = ../../Source/Blacklist.cpp;
			sourceTree = "SOURCE_ROOT";
		};
		EF88B4B37F808C68FCF2AA64 = {
			isa = PBXFileReference;
			lastKnownFileType = sourcecode.cpp.cpp;
			name = Background.cpp;
			path = ../../Source/Background.cpp;
			sourceTree = "SOURCE_ROOT";
		};
		F133436B1287D4BEA11CD790 = {
			isa = PBXFileReference;
			lastKnownFileType = sourcecode.c.h;
			name = License.h;
			path = ../../Source/License.h;
			sourceTree = "SOURCE_ROOT";
		};
		F6C676843C824446C8993C83 = {
			isa = PBXFileReference;
			lastKnownFileType = sourcecode.cpp.objcpp;
			name = "include_juce_gui_basics.mm";
			path = "../../JuceLibraryCode/include_juce_gui_basics.mm";
			sourceTree = "SOURCE_ROOT";
		};
		F7B4324623266A5A4F9E980B = {
			isa = PBXFileReference;
			lastKnownFileType = sourcecode.c.h;
			name = ConfigBlacklist.h;
			path = ../../Source/ConfigBlacklist.h;
			sourceTree = "SOURCE_ROOT";
		};
		F9600907D8EA44B776A919BE = {
			isa = PBXFileReference;
			lastKnownFileType = sourcecode.cpp.cpp;
			name = ConfigAudio.cpp;
			path = ../../Source/ConfigAudio.cpp;
			sourceTree = "SOURCE_ROOT";
		};
		FA24F1C829E0DA588CC54578 = {
			isa = PBXFileReference;
			lastKnownFileType = sourcecode.cpp.cpp;
			name = ConfigBlacklist.cpp;
			path = ../../Source/ConfigBlacklist.cpp;
			sourceTree = "SOURCE_ROOT";
		};
		FB94B0D87306CBAA2498DAE1 = {
			isa = PBXFileReference;
			lastKnownFileType = sourcecode.cpp.objcpp;
			name = "include_juce_events.mm";
			path = "../../JuceLibraryCode/include_juce_events.mm";
			sourceTree = "SOURCE_ROOT";
		};
		BA9C6070040EFCCC80CE1921 = {
			isa = PBXGroup;
			children = (
				D39DC5D21996EFCE2D873966,
				9E378A774EA7D2EC852DF2D0,
				EBA6CCACB512644FDFF28B38,
				D2B8B8DF77A5D095124B94B4,
				8468336AC7F5F87C9E43028B,
				B1F44CE1892622F3E8CAE985,
				A8D689C9B5C3F184317980D8,
			);
			name = Trace;
			sourceTree = "<group>";
		};
		F115AA7FD5719128F4C3A39A = {
			isa = PBXGroup;
			children = (
				64F38D10C6C61F20E1D36F93,
				AAA3464E849C077DA04F6194,
				9BE9C5BF182C58DCF99537B5,
				447206269A10278F5C1F4B73,
				4E491CB2AA3AA53EF0D592C0,
				6DB6EAC9F4689F4C5490B0B7,
				8236E0641AEF3079691240F8,
				F7B4324623266A5A4F9E980B,
				4FA9175B35549AB492AC537F,
				66F103B6141C1BA8D556EAAB,
				E98E163766944A27AAD09E45,
				349D3029D32AF2C85D94AEC1,
				F133436B1287D4BEA11CD790,
				1D1DC95651BE5346DB60807D,
				C25A35DBC631312A672AC4DD,
				2E421A9DFBC9CB806D511160,
				8E550FFB3762AED1757EFFD4,
				9C300CC9D1D85841AB731C16,
				7DCBB59F513ED57B0F31BAFD,
				71B24CD59AA197DC86E5AFCE,
				BA9C6070040EFCCC80CE1921,
			);
			name = Headers;
			sourceTree = "<group>";
		};
		5EB3EB893CF6CF89C3D362E0 = {
			isa = PBXGroup;
			children = (
				EF88B4B37F808C68FCF2AA64,
				EE9EDFB693C251537EEC4775,
				C8FEC7F3AEF96739CC6CE6C8,
				849AF6CB358055D41E871659,
				09BF542A98E2FAAA4AB1730D,
				B3C094B0DFF2578FCE94078B,
				F9600907D8EA44B776A919BE,
				FA24F1C829E0DA588CC54578,
				D7CC3D4688B9AE8786AFDCC6,
				C9D45D1401F8C638B1796F8B,
				4D4A25F07F110CDCE6844E3C,
				C45423A871A13E82A5F64404,
				28A709E56D284EFA05A17151,
				1C604054774C901E3D442CB3,
				AD8A532A33EC0BBFBC5D0DDB,
				D10C52BEF7237C1D94CB0DCC,
				A1765E7A3B6CFC85AFAF06FA,
				683CCEC0D4FD3FDC3D5AC085,
				6BE84EB7C09AB524659F74CA,
				BD5A22CF51D182F385BF5CD5,
				110566F28FCEF18A887E0C70,
				7B5B40FB879E3D95A3D7F7E2,
			);
			name = Source;
			sourceTree = "<group>";
		};
		88A3A9CE5BB9CCB47E9E244E = {
			isa = PBXGroup;
			children = (
				F115AA7FD5719128F4C3A39A,
				5EB3EB893CF6CF89C3D362E0,
			);
			name = LinJam;
			sourceTree = "<group>";
		};
		1028CEB5396AB00A9949FECF = {
			isa = PBXGroup;
			children = (
				8859288AF8C1198ADA547833,
				1D5E961744D0122541812357,
				ECA73CAE7E09CD17BB75EE13,
				6EBDB6F4379913DF78D5D14A,
				441DAEA45FA0CEAF8D23327A,
			);
			name = "JUCE Modules";
			sourceTree = "<group>";
		};
		6CBE5DCDD443480799EA6E08 = {
			isa = PBXGroup;
			children = (
				8FAC24209C22FB30596A16FE,
				6B735556C64FB0EBB17CA40E,
				AB75BC7C7288C052EE87D754,
				FB94B0D87306CBAA2498DAE1,
				B58B61E9DC7057675A7EF2FB,
				F6C676843C824446C8993C83,
				43DF9F97566160B7F983DBDE,
			);
			name = "JUCE Library Code";
			sourceTree = "<group>";
		};
		5CB3A728089DA5B85416F869 = {
			isa = PBXGroup;
			children = (
				8B93563D366B21D93C7EA1FA,
				EA2568D9CBABA3D9195A0E17,
			);
			name = Resources;
			sourceTree = "<group>";
		};
		B13CC64E5B2BD402F5D52749 = {
			isa = PBXGroup;
			children = (
				E6FBB6F859AEDE43876D2A6C,
				E6C225FA8B255FEF4B4F3EEC,
				19CD3957F64CC18697FB0E43,
				4AD9F5525023129EA4DCE3EE,
			);
			name = Frameworks;
			sourceTree = "<group>";
		};
		209F965AA868D902BF863598 = {
			isa = PBXGroup;
			children = (
				05921A10523EDD4FE2726E6B,
			);
			name = Products;
			sourceTree = "<group>";
		};
		66B6DCFFE9BB8A40FC07F2AA = {
			isa = PBXGroup;
			children = (
				88A3A9CE5BB9CCB47E9E244E,
				1028CEB5396AB00A9949FECF,
				6CBE5DCDD443480799EA6E08,
				5CB3A728089DA5B85416F869,
				B13CC64E5B2BD402F5D52749,
				209F965AA868D902BF863598,
			);
			name = Source;
			sourceTree = "<group>";
		};
		37A9AC07ABC40F57C175FB63 = {
			isa = XCBuildConfiguration;
			buildSettings = {
				CLANG_CXX_LANGUAGE_STANDARD = "c++14";
				CLANG_CXX_LIBRARY = "libc++";
				CLANG_LINK_OBJC_RUNTIME = NO;
				CODE_SIGN_IDENTITY = "";
				COMBINE_HIDPI_IMAGES = YES;
				CONFIGURATION_BUILD_DIR = "$(PROJECT_DIR)/build/$(CONFIGURATION)";
				DEAD_CODE_STRIPPING = YES;
				GCC_GENERATE_DEBUGGING_SYMBOLS = NO;
				GCC_OPTIMIZATION_LEVEL = s;
				GCC_PREPROCESSOR_DEFINITIONS = (
					"_NDEBUG=1",
					"NDEBUG=1",
					"JUCER_XCODE_MAC_F6D2F4CF=1",
					"JUCE_APP_VERSION=0.31.1",
					"JUCE_APP_VERSION_HEX=0x1f01",
					"JucePlugin_Build_VST=0",
					"JucePlugin_Build_VST3=0",
					"JucePlugin_Build_AU=0",
					"JucePlugin_Build_AUv3=0",
					"JucePlugin_Build_RTAS=0",
					"JucePlugin_Build_AAX=0",
					"JucePlugin_Build_Standalone=0",
					"JucePlugin_Build_Unity=0",
				);
				GCC_SYMBOLS_PRIVATE_EXTERN = YES;
				GCC_VERSION = com.apple.compilers.llvm.clang.1_0;
				HEADER_SEARCH_PATHS = (
					"../../JuceLibraryCode",
					"../../JuceLibraryCode/modules",
					"$(inherited)",
				);
				INFOPLIST_FILE = Info-App.plist;
				INFOPLIST_PREPROCESS = NO;
				INSTALL_PATH = "$(HOME)/Applications";
				LLVM_LTO = YES;
				MACOSX_DEPLOYMENT_TARGET = 10.11;
				PRODUCT_BUNDLE_IDENTIFIER = bill-auger.LinJam;
				PRODUCT_NAME = "LinJam";
				USE_HEADERMAP = NO;
			};
			name = Release;
		};
		6821EF5C7C494667002CFADD = {
			isa = XCBuildConfiguration;
			buildSettings = {
				CLANG_CXX_LANGUAGE_STANDARD = "c++14";
				CLANG_CXX_LIBRARY = "libc++";
				CLANG_LINK_OBJC_RUNTIME = NO;
				CODE_SIGN_IDENTITY = "";
				COMBINE_HIDPI_IMAGES = YES;
				CONFIGURATION_BUILD_DIR = "$(PROJECT_DIR)/build/$(CONFIGURATION)";
				COPY_PHASE_STRIP = NO;
				GCC_DYNAMIC_NO_PIC = NO;
				GCC_OPTIMIZATION_LEVEL = 0;
				GCC_PREPROCESSOR_DEFINITIONS = (
					"_DEBUG=1",
					"DEBUG=1",
					"JUCER_XCODE_MAC_F6D2F4CF=1",
					"JUCE_APP_VERSION=0.31.1",
					"JUCE_APP_VERSION_HEX=0x1f01",
					"JucePlugin_Build_VST=0",
					"JucePlugin_Build_VST3=0",
					"JucePlugin_Build_AU=0",
					"JucePlugin_Build_AUv3=0",
					"JucePlugin_Build_RTAS=0",
					"JucePlugin_Build_AAX=0",
					"JucePlugin_Build_Standalone=0",
					"JucePlugin_Build_Unity=0",
				);
				GCC_VERSION = com.apple.compilers.llvm.clang.1_0;
				HEADER_SEARCH_PATHS = (
					"../../JuceLibraryCode",
					"../../JuceLibraryCode/modules",
					"$(inherited)",
				);
				INFOPLIST_FILE = Info-App.plist;
				INFOPLIST_PREPROCESS = NO;
				INSTALL_PATH = "$(HOME)/Applications";
				MACOSX_DEPLOYMENT_TARGET = 10.11;
				PRODUCT_BUNDLE_IDENTIFIER = bill-auger.LinJam;
				PRODUCT_NAME = "LinJam";
				USE_HEADERMAP = NO;
			};
			name = Debug;
		};
		8EA92222482922E4F11B0407 = {
			isa = XCBuildConfiguration;
			buildSettings = {
				ALWAYS_SEARCH_USER_PATHS = NO;
				CLANG_ENABLE_OBJC_WEAK = YES;
				CLANG_WARN_BLOCK_CAPTURE_AUTORELEASING = YES;
				CLANG_WARN_BOOL_CONVERSION = YES;
				CLANG_WARN_COMMA = YES;
				CLANG_WARN_CONSTANT_CONVERSION = YES;
				CLANG_WARN_DEPRECATED_OBJC_IMPLEMENTATIONS = YES;
				CLANG_WARN_EMPTY_BODY = YES;
				CLANG_WARN_ENUM_CONVERSION = YES;
				CLANG_WARN_INFINITE_RECURSION = YES;
				CLANG_WARN_INT_CONVERSION = YES;
				CLANG_WARN_NON_LITERAL_NULL_CONVERSION = YES;
				CLANG_WARN_OBJC_IMPLICIT_RETAIN_SELF = YES;
				CLANG_WARN_OBJC_LITERAL_CONVERSION = YES;
				CLANG_WARN_RANGE_LOOP_ANALYSIS = YES;
				CLANG_WARN_STRICT_PROTOTYPES = YES;
				CLANG_WARN_SUSPICIOUS_MOVE = YES;
				CLANG_WARN_UNREACHABLE_CODE = YES;
				CLANG_WARN__DUPLICATE_METHOD_MATCH = YES;
				CODE_SIGN_IDENTITY = "";
				DEBUG_INFORMATION_FORMAT = dwarf;
				ENABLE_STRICT_OBJC_MSGSEND = YES;
				GCC_C_LANGUAGE_STANDARD = c11;
				GCC_INLINES_ARE_PRIVATE_EXTERN = YES;
				GCC_MODEL_TUNING = G5;
				GCC_NO_COMMON_BLOCKS = YES;
				GCC_WARN_64_TO_32_BIT_CONVERSION = YES;
				GCC_WARN_ABOUT_RETURN_TYPE = YES;
				GCC_WARN_CHECK_SWITCH_STATEMENTS = YES;
				GCC_WARN_MISSING_PARENTHESES = YES;
				GCC_WARN_NON_VIRTUAL_DESTRUCTOR = YES;
				GCC_WARN_TYPECHECK_CALLS_TO_PRINTF = YES;
				GCC_WARN_UNDECLARED_SELECTOR = YES;
				GCC_WARN_UNINITIALIZED_AUTOS = YES;
				GCC_WARN_UNUSED_FUNCTION = YES;
				GCC_WARN_UNUSED_VARIABLE = YES;
				PRODUCT_NAME = "LinJam";
				SDKROOT = macosx;
				WARNING_CFLAGS = "-Wreorder";
				ZERO_LINK = NO;
			};
			name = Release;
		};
		2F4862F01400B334DE7B880E = {
			isa = XCBuildConfiguration;
			buildSettings = {
				ALWAYS_SEARCH_USER_PATHS = NO;
				CLANG_ENABLE_OBJC_WEAK = YES;
				CLANG_WARN_BLOCK_CAPTURE_AUTORELEASING = YES;
				CLANG_WARN_BOOL_CONVERSION = YES;
				CLANG_WARN_COMMA = YES;
				CLANG_WARN_CONSTANT_CONVERSION = YES;
				CLANG_WARN_DEPRECATED_OBJC_IMPLEMENTATIONS = YES;
				CLANG_WARN_EMPTY_BODY = YES;
				CLANG_WARN_ENUM_CONVERSION = YES;
				CLANG_WARN_INFINITE_RECURSION = YES;
				CLANG_WARN_INT_CONVERSION = YES;
				CLANG_WARN_NON_LITERAL_NULL_CONVERSION = YES;
				CLANG_WARN_OBJC_IMPLICIT_RETAIN_SELF = YES;
				CLANG_WARN_OBJC_LITERAL_CONVERSION = YES;
				CLANG_WARN_RANGE_LOOP_ANALYSIS = YES;
				CLANG_WARN_STRICT_PROTOTYPES = YES;
				CLANG_WARN_SUSPICIOUS_MOVE = YES;
				CLANG_WARN_UNREACHABLE_CODE = YES;
				CLANG_WARN__DUPLICATE_METHOD_MATCH = YES;
				CODE_SIGN_IDENTITY = "";
				DEBUG_INFORMATION_FORMAT = dwarf;
				ENABLE_STRICT_OBJC_MSGSEND = YES;
				ENABLE_TESTABILITY = YES;
				GCC_C_LANGUAGE_STANDARD = c11;
				GCC_INLINES_ARE_PRIVATE_EXTERN = YES;
				GCC_MODEL_TUNING = G5;
				GCC_NO_COMMON_BLOCKS = YES;
				GCC_WARN_64_TO_32_BIT_CONVERSION = YES;
				GCC_WARN_ABOUT_RETURN_TYPE = YES;
				GCC_WARN_CHECK_SWITCH_STATEMENTS = YES;
				GCC_WARN_MISSING_PARENTHESES = YES;
				GCC_WARN_NON_VIRTUAL_DESTRUCTOR = YES;
				GCC_WARN_TYPECHECK_CALLS_TO_PRINTF = YES;
				GCC_WARN_UNDECLARED_SELECTOR = YES;
				GCC_WARN_UNINITIALIZED_AUTOS = YES;
				GCC_WARN_UNUSED_FUNCTION = YES;
				GCC_WARN_UNUSED_VARIABLE = YES;
				ONLY_ACTIVE_ARCH = YES;
				PRODUCT_NAME = "LinJam";
				SDKROOT = macosx;
				WARNING_CFLAGS = "-Wreorder";
				ZERO_LINK = NO;
			};
			name = Debug;
		};
		AA3627896633E94AAB8EDB98 = {
			isa = PBXTargetDependency;
			target = C58874434F117058C2576834;
		};
		79BC11B3D2B86E4EDDF31C2B = {
			isa = XCConfigurationList;
			buildConfigurations = (
				8EA92222482922E4F11B0407,
				2F4862F01400B334DE7B880E,
			);
			defaultConfigurationIsVisible = 0;
			defaultConfigurationName = Release;
		};
		B9E9061C9CAAE313A6778907 = {
			isa = XCConfigurationList;
			buildConfigurations = (
				37A9AC07ABC40F57C175FB63,
				6821EF5C7C494667002CFADD,
			);
			defaultConfigurationIsVisible = 0;
			defaultConfigurationName = Release;
		};
		DF2354238D4CC36DBD8011D6 = {
			isa = PBXResourcesBuildPhase;
			buildActionMask = 2147483647;
			files = (
				4D6C97F765C898A08D6BB116,
			);
			runOnlyForDeploymentPostprocessing = 0;
		};
		6743270E9E0D725D9B3DBB97 = {
			isa = PBXSourcesBuildPhase;
			buildActionMask = 2147483647;
			files = (
				50A33164A95019A22EA30A1B,
				1268C9BBC9F2CD3EE22E8249,
				55ACC3874636D910D4B3F02A,
				AC75C2F022EED33CE354D883,
				2BC48F9CBA13BC98525D453A,
				7C5C2762F8093FDF797303F1,
				CA0AEF27AE86E1C9CC86295A,
				0A0AADD5CE57D18637297A92,
				61AFF45F3F2C6761496997B2,
				F135EB5E3D04DFF79F212107,
				BD6407CFE5D69162F932C75F,
				A5AC6F47DFD96F6FB75C4CE1,
				4F6967DDA8D79C7CD89E3943,
				00662740FCDD226CD4370CF3,
				7C023C7125AFF57ECB21E82C,
				FE6ED84645D7371932210B69,
				17E41C39C42E7D38FDA956CD,
				7EF92B7B80C75BC3EF4D857F,
				327F551059325EB9E8361B78,
				0E7B872BC00FE881275BC12A,
				A71B82DDA66EF4392E93379B,
				9E0453021B57DBA9CCCD003B,
				239976096444A20112AF23AC,
				B9F3A65230FCAD9F2BA60B01,
				8E19AAF25ECC831AEF3D55D5,
				E4E6F7B5FD7A23C59BC4C4F2,
				6694D9FFBEAD536078DC63C1,
			);
			runOnlyForDeploymentPostprocessing = 0;
		};
		9D5996AC91D3AF13C46BA294 = {
			isa = PBXFrameworksBuildPhase;
			buildActionMask = 2147483647;
			files = (
				0127A696045728F44A564F98,
				A17D78D7702397271C652377,
				5968221BED2538A38E4B3684,
				43B0D166FAC43EA7E6268F54,
			);
			runOnlyForDeploymentPostprocessing = 0;
		};
		C58874434F117058C2576834 = {
			isa = PBXNativeTarget;
			buildConfigurationList = B9E9061C9CAAE313A6778907;
			buildPhases = (
				DF2354238D4CC36DBD8011D6,
				6743270E9E0D725D9B3DBB97,
				9D5996AC91D3AF13C46BA294,
			);
			buildRules = ( );
			dependencies = ( );
			name = "LinJam - App";
			productName = LinJam;
			productReference = 05921A10523EDD4FE2726E6B;
			productType = "com.apple.product-type.application";
		};
		5D2C486226396BEDDACC646D = {
			isa = PBXProject;
			buildConfigurationList = 79BC11B3D2B86E4EDDF31C2B;
			attributes = { LastUpgradeCheck = 1100; ORGANIZATIONNAME = ""; TargetAttributes = { C58874434F117058C2576834 = { SystemCapabilities = {com.apple.ApplicationGroups.iOS = { enabled = 0; }; com.apple.InAppPurchase = { enabled = 0; }; com.apple.InterAppAudio = { enabled = 0; }; com.apple.Push = { enabled = 0; }; com.apple.Sandbox = { enabled = 0; }; com.apple.HardenedRuntime = { enabled = 0; }; }; }; }; };
			compatibilityVersion = "Xcode 3.2";
			hasScannedForEncodings = 0;
			mainGroup = 66B6DCFFE9BB8A40FC07F2AA;
			projectDirPath = "";
			projectRoot = "";
			targets = (C58874434F117058C2576834);
			knownRegions = (en, Base);
		};
	};
	rootObject = 5D2C486226396BEDDACC646D;
}
